speakeasyVersion: 1.617.1
sources:
    stacks-source:
        sourceNamespace: stacks-source
        sourceRevisionDigest: sha256:fdd647ec761a320ea71c8b1d466fb5e760cf7f2b1296d3522d9d1706afb0e4c3
        sourceBlobDigest: sha256:b4f71aed3da317fc4aeaa3a423976f893198810336c71f2ffef1d630f1a925d4
        tags:
            - latest
            - speakeasy-sdk-regen-1754440427
            - v3.1.0
targets:
    formance-python-sdk:
        source: stacks-source
        sourceNamespace: stacks-source
        sourceRevisionDigest: sha256:fdd647ec761a320ea71c8b1d466fb5e760cf7f2b1296d3522d9d1706afb0e4c3
        sourceBlobDigest: sha256:b4f71aed3da317fc4aeaa3a423976f893198810336c71f2ffef1d630f1a925d4
        codeSamplesNamespace: stacks-source-python-code-samples
        codeSamplesRevisionDigest: sha256:d73562e29b0ae7d60cca0dface1abafeb6cb4f1b227e993acb9824e7b157d0bc
workflow:
    workflowVersion: 1.0.0
    speakeasyVersion: latest
    sources:
        stacks-source:
            inputs:
                - location: https://github.com/formancehq/stack/releases/download/v3.1.0/generate.json
            registry:
                location: registry.speakeasyapi.dev/formance/formance/stacks-source
    targets:
        formance-python-sdk:
            target: python
            source: stacks-source
            publish:
                pypi:
                    token: $PYPI_TOKEN
            codeSamples:
                registry:
                    location: registry.speakeasyapi.dev/formance/formance/stacks-source-python-code-samples
                labelOverride:
                    fixedValue: Python (SDK)
                blocking: false
