speakeasyVersion: 1.770.0
sources:
    stacks-source:
        sourceNamespace: stacks-source
        sourceRevisionDigest: sha256:4762702223dc48cb4db66a1e7269e0393bedf4c45e094ee0b8b53f6506968f63
        sourceBlobDigest: sha256:c736de177829b3ccb62d8f5bbcb9ca198618a14d29439958819066d27b48fb83
        tags:
            - latest
targets:
    formance-python-sdk:
        source: stacks-source
        sourceNamespace: stacks-source
        sourceRevisionDigest: sha256:4762702223dc48cb4db66a1e7269e0393bedf4c45e094ee0b8b53f6506968f63
        sourceBlobDigest: sha256:c736de177829b3ccb62d8f5bbcb9ca198618a14d29439958819066d27b48fb83
        codeSamplesNamespace: stacks-source-python-code-samples
        codeSamplesRevisionDigest: sha256:17d356afb9d1a96a697f25e733b8c49c5100227ce42efa435ce066970cba82a1
workflow:
    workflowVersion: 1.0.0
    speakeasyVersion: 1.770.0
    sources:
        stacks-source:
            inputs:
                - location: registry.speakeasyapi.dev/formance/formance/stacks-source@LATEST_RELEASE
            registry:
                location: registry.speakeasyapi.dev/formance/formance/stacks-source
    targets:
        formance-python-sdk:
            target: python
            source: stacks-source
            publish:
                pypi:
                    token: $PYPI_TOKEN
            codeSamples:
                registry:
                    location: registry.speakeasyapi.dev/formance/formance/stacks-source-python-code-samples
                labelOverride:
                    fixedValue: Python (SDK)
                blocking: false
