speakeasyVersion: 1.481.1
sources:
    my-source:
        sourceNamespace: my-source
        sourceRevisionDigest: sha256:a761533dacf17d3fd8893b6418bda40a8c7a233a0d5462941cab7526b3df7ded
        sourceBlobDigest: sha256:047973b43eabd7a5497fd5b5915c0bdc002a6670bd88b057e54effa7577a5849
        tags:
            - latest
            - speakeasy-sdk-regen-1737417732
            - v2.1.2
targets:
    formance-python-sdk:
        source: my-source
        sourceNamespace: my-source
        sourceRevisionDigest: sha256:a761533dacf17d3fd8893b6418bda40a8c7a233a0d5462941cab7526b3df7ded
        sourceBlobDigest: sha256:047973b43eabd7a5497fd5b5915c0bdc002a6670bd88b057e54effa7577a5849
        codeSamplesNamespace: my-source-python-code-samples
        codeSamplesRevisionDigest: sha256:cbd75b5c010f7bbe18cb86fa4e59ef8488999b14b388040b557da094e09db3a9
workflow:
    workflowVersion: 1.0.0
    speakeasyVersion: latest
    sources:
        my-source:
            inputs:
                - location: https://github.com/formancehq/stack/releases/download/v2.1.2/generate.json
            registry:
                location: registry.speakeasyapi.dev/formance/formance/my-source
    targets:
        formance-python-sdk:
            target: python
            source: my-source
            publish:
                pypi:
                    token: $PYPI_TOKEN
            codeSamples:
                registry:
                    location: registry.speakeasyapi.dev/formance/formance/my-source-python-code-samples
                blocking: false
